# This file is autogenerated, do not edit; changes may be undone by the next 'dep ensure'.


[[projects]]
  digest = "1:e81f429860b7845a53d2d00a2aa1499b1647e6cf24a177a7d3ffd0b9f0cd458f"
  name = "github.com/caarlos0/spin"
  packages = ["."]
  pruneopts = "UT"
  revision = "ac25467273ecdf236d2d83a25c5329d5863d375f"
  version = "v1.1.0"

[[projects]]
  branch = "f/osx-compat"
  digest = "1:e7c7eb5a0d69383c967cc3b221a968921154971414c1007d3c5424ea0a7b4c5e"
  name = "github.com/fdidron/webview"
  packages = ["."]
  pruneopts = "UT"
  revision = "e2f958b6efce0575e5111f203b5b5ec437455dd9"

[[projects]]
  branch = "master"
  digest = "1:592f10129d14cecdba718efe84a40df7adb1c67f78537cb3ab84b72c9bb0a91e"
  name = "github.com/google/gousb"
  packages = ["."]
  pruneopts = "UT"
  revision = "18f4c1d8a750878c4f86ac3d7319b8aa462a79f9"

[[projects]]
  digest = "1:ba852707958e39694e7f64328008287892adf9b1aed0174480e2f50e0c23e521"
  name = "github.com/logrusorgru/aurora"
  packages = ["."]
  pruneopts = "UT"
  revision = "21d75270181e0436fee7bd58b991c212cf309068"
  version = "v2.0"

[[projects]]
  branch = "master"
  digest = "1:00b45e06c7843541372fc17d982242bd6adfc2fc382b6f2e9ef9ce53d87a50b9"
  name = "github.com/marcinbor85/gohex"
  packages = ["."]
  pruneopts = "UT"
  revision = "7a43cd876e46e0f6ddc553f10f91731a78e6e949"

[[projects]]
  digest = "1:871aa208665f8c57d13ed13899c243454858ee6654cc4feed768096bcea6fbc3"
  name = "github.com/mattn/go-runewidth"
  packages = ["."]
  pruneopts = "UT"
  revision = "18c3d09a134a52720932bbaa92c798a0ab111004"
  version = "v0.0.7"

[[projects]]
  branch = "master"
  digest = "1:e13350b7207ecc34977340d53522e0335dd36ed86ca7c346a36d2e88eb0fadfc"
  name = "golang.org/x/sys"
  packages = ["unix"]
  pruneopts = "UT"
  revision = "548cf772de5052aa878ccb47cdeb7d262b75c8ec"

[[projects]]
  digest = "1:d219400f09c151f0ada918bab650ef46f7ebdb1ff4fea923fdcb839481ec7ec1"
  name = "gopkg.in/cheggaaa/pb.v1"
  packages = ["."]
  pruneopts = "UT"
  revision = "f907f6f5dd81f77c2bbc1cde92e4c5a04720cb11"
  version = "v1.0.28"

[solve-meta]
  analyzer-name = "dep"
  analyzer-version = 1
  input-imports = [
    "github.com/caarlos0/spin",
    "github.com/fdidron/webview",
    "github.com/google/gousb",
    "github.com/logrusorgru/aurora",
    "github.com/marcinbor85/gohex",
    "gopkg.in/cheggaaa/pb.v1",
  ]
  solver-name = "gps-cdcl"
  solver-version = 1
